# THIS IS AN AUTOGENERATED FILE. DO NOT EDIT THIS FILE DIRECTLY.
# yarn lockfile v1


"@elementary/core@^0.1.4":
  version "0.1.4"
  resolved "https://registry.yarnpkg.com/@elementary/core/-/core-0.1.4.tgz#6457ed6c2f54da21e557b1c038b9a8803b399b33"

"@elementary/proper@0.2.2":
  version "0.2.2"
  resolved "https://registry.yarnpkg.com/@elementary/proper/-/proper-0.2.2.tgz#ad293f33ea01bc73f5ff0ac6c8eeb6f3d8b0733b"
  dependencies:
    "@elementary/core" "^0.1.4"
